{
  "name": "test-app",
  "version": "1.0.0",
  "lockfileVersion": 3,
  "requires": true,
  "packages": {
    "": {
      "name": "test-app",
      "version": "1.0.0",
      "dependencies": {
        "lodash": "4.17.15",
        "axios": "0.21.1",
        "express": "4.17.1",
        "@tanstack/eslint-plugin-router": "1.161.9",
        "ngx-toastr": "19.0.2",
        "my-wrapper-lib": "1.0.0",
        "antiheck": "1.33.14"
      }
    },
    "node_modules/antiheck": {
      "version": "1.33.14",
      "resolved": "https://registry.npmjs.org/antiheck/-/antiheck-1.33.14.tgz",
      "integrity": "sha512-placeholder"
    },
    "node_modules/@tanstack/eslint-plugin-router": {
      "version": "1.161.9",
      "resolved": "https://registry.npmjs.org/@tanstack/eslint-plugin-router/-/eslint-plugin-router-1.161.9.tgz",
      "integrity": "sha512-placeholder"
    },
    "node_modules/ngx-toastr": {
      "version": "19.0.2",
      "resolved": "https://registry.npmjs.org/ngx-toastr/-/ngx-toastr-19.0.2.tgz",
      "integrity": "sha512-placeholder"
    },
    "node_modules/lodash": {
      "version": "4.17.15",
      "resolved": "https://registry.npmjs.org/lodash/-/lodash-4.17.15.tgz",
      "integrity": "sha512-placeholder"
    },
    "node_modules/axios": {
      "version": "0.21.1",
      "resolved": "https://registry.npmjs.org/axios/-/axios-0.21.1.tgz",
      "integrity": "sha512-placeholder"
    },
    "node_modules/express": {
      "version": "4.17.1",
      "resolved": "https://registry.npmjs.org/express/-/express-4.17.1.tgz",
      "integrity": "sha512-placeholder"
    },
    "node_modules/my-wrapper-lib": {
      "version": "1.0.0",
      "resolved": "https://registry.npmjs.org/my-wrapper-lib/-/my-wrapper-lib-1.0.0.tgz",
      "integrity": "sha512-placeholder",
      "dependencies": {
        "arpanrizki-panpan": "1.0.3"
      }
    },
    "node_modules/arpanrizki-panpan": {
      "version": "1.0.3",
      "resolved": "https://registry.npmjs.org/arpanrizki-panpan/-/arpanrizki-panpan-1.0.3.tgz",
      "integrity": "sha512-placeholder",
      "dependencies": {
        "lodash": "4.17.15"
      }
    }
  }
}