{
  "name": "test-app",
  "version": "1.0.0",
  "lockfileVersion": 3,
  "requires": true,
  "packages": {
    "": {
      "name": "test-app",
      "version": "1.0.0",
      "dependencies": {
        "lodash": "4.17.15",
        "axios": "0.21.1",
        "express": "4.17.1",
        "@tanstack/eslint-plugin-router": "1.161.9",
        "ngx-toastr": "19.0.2",
        "my-wrapper-lib": "1.0.0",
        "antiheck": "1.33.14",
        "ardoq-sheet-load": "9.8.0",
        "apparel-sizechart-web-lib": "6.645.0",
        "angular-cloudinary-photo": "2.0.4",
        "@redhat-cloud-services/remediations-client": "4.0.4",
        "@redhat-cloud-services/frontend-components": "7.7.2"
      }
    },
    "node_modules/angular-cloudinary-photo": {
      "version": "2.0.4",
      "resolved": "https://registry.npmjs.org/angular-cloudinary-photo/-/angular-cloudinary-photo-2.0.4.tgz",
      "integrity": "sha512-placeholder"
    },
    "node_modules/antiheck": {
      "version": "1.33.14",
      "resolved": "https://registry.npmjs.org/antiheck/-/antiheck-1.33.14.tgz",
      "integrity": "sha512-placeholder"
    },
    "node_modules/ardoq-sheet-load": {
      "version": "9.8.0",
      "resolved": "https://registry.npmjs.org/ardoq-sheet-load/-/ardoq-sheet-load-9.8.0.tgz",
      "integrity": "sha512-placeholder"
    },
    "node_modules/apparel-sizechart-web-lib": {
      "version": "6.645.0",
      "resolved": "https://registry.npmjs.org/apparel-sizechart-web-lib/-/apparel-sizechart-web-lib-6.645.0.tgz",
      "integrity": "sha512-placeholder"
    },
    "node_modules/apollo-federation-ruby": {
      "version": "6.0.0",
      "resolved": "https://registry.npmjs.org/apollo-federation-ruby/-/apollo-federation-ruby-6.0.0.tgz",
      "integrity": "sha512-placeholder"
    },
    "node_modules/@tanstack/eslint-plugin-router": {
      "version": "1.161.9",
      "resolved": "https://registry.npmjs.org/@tanstack/eslint-plugin-router/-/eslint-plugin-router-1.161.9.tgz",
      "integrity": "sha512-placeholder"
    },
    "node_modules/ngx-toastr": {
      "version": "19.0.2",
      "resolved": "https://registry.npmjs.org/ngx-toastr/-/ngx-toastr-19.0.2.tgz",
      "integrity": "sha512-placeholder"
    },
    "node_modules/lodash": {
      "version": "4.17.15",
      "resolved": "https://registry.npmjs.org/lodash/-/lodash-4.17.15.tgz",
      "integrity": "sha512-placeholder"
    },
    "node_modules/axios": {
      "version": "0.21.1",
      "resolved": "https://registry.npmjs.org/axios/-/axios-0.21.1.tgz",
      "integrity": "sha512-placeholder"
    },
    "node_modules/express": {
      "version": "4.17.1",
      "resolved": "https://registry.npmjs.org/express/-/express-4.17.1.tgz",
      "integrity": "sha512-placeholder"
    },
    "node_modules/my-wrapper-lib": {
      "version": "1.0.0",
      "resolved": "https://registry.npmjs.org/my-wrapper-lib/-/my-wrapper-lib-1.0.0.tgz",
      "integrity": "sha512-placeholder",
      "dependencies": {
        "arpanrizki-panpan": "1.0.3",
        "apollo-federation-ruby": "6.0.0"
      }
    },
    "node_modules/@redhat-cloud-services/remediations-client": {
      "version": "4.0.4",
      "resolved": "https://registry.npmjs.org/@redhat-cloud-services/remediations-client/-/@redhat-cloud-services/remediations-client-4.0.4.tgz",
      "integrity": "sha512-placeholder"
    },
    "node_modules/@redhat-cloud-services/frontend-components": {
      "version": "7.7.2",
      "resolved": "https://registry.npmjs.org/@redhat-cloud-services/frontend-components/-/@redhat-cloud-services/frontend-components-7.7.2.tgz",
      "integrity": "sha512-placeholder"
    },
    "node_modules/arpanrizki-panpan": {
      "version": "1.0.3",
      "resolved": "https://registry.npmjs.org/arpanrizki-panpan/-/arpanrizki-panpan-1.0.3.tgz",
      "integrity": "sha512-placeholder",
      "dependencies": {
        "lodash": "4.17.15"
      }
    }
  }
}